// !$*UTF8*$!
{
	archiveVersion = 1;
	classes = {
	};
	objectVersion = 46;
	objects = {

/* Begin PBXBuildFile section */
		5E50C7BA1BF6BE0300CAE344 /* ALGInitialTouchGestureRecognizer.swift in Sources */ = {isa = PBXBuildFile; fileRef = 5EC13EF11BE40592005A00CD /* ALGInitialTouchGestureRecognizer.swift */; };
		5E822F311BD4D2B400C32C09 /* AppDelegate.swift in Sources */ = {isa = PBXBuildFile; fileRef = 5E822F301BD4D2B400C32C09 /* AppDelegate.swift */; };
		5E822F331BD4D2B400C32C09 /* ViewController.swift in Sources */ = {isa = PBXBuildFile; fileRef = 5E822F321BD4D2B400C32C09 /* ViewController.swift */; };
		5E822F361BD4D2B400C32C09 /* Main.storyboard in Resources */ = {isa = PBXBuildFile; fileRef = 5E822F341BD4D2B400C32C09 /* Main.storyboard */; };
		5E822F381BD4D2B400C32C09 /* Assets.xcassets in Resources */ = {isa = PBXBuildFile; fileRef = 5E822F371BD4D2B400C32C09 /* Assets.xcassets */; };
		5E822F3B1BD4D2B400C32C09 /* LaunchScreen.storyboard in Resources */ = {isa = PBXBuildFile; fileRef = 5E822F391BD4D2B400C32C09 /* LaunchScreen.storyboard */; };
		5E822F431BD4D2C800C32C09 /* TouchDisplayingWindow.swift in Sources */ = {isa = PBXBuildFile; fileRef = 5E822F421BD4D2C800C32C09 /* TouchDisplayingWindow.swift */; };
		5EA238081BE94AB200D2A1AF /* TouchDisplayingWindow.swift in Sources */ = {isa = PBXBuildFile; fileRef = 5E822F421BD4D2C800C32C09 /* TouchDisplayingWindow.swift */; };
		5EC13EE21BE4053C005A00CD /* AppDelegate.swift in Sources */ = {isa = PBXBuildFile; fileRef = 5EC13EE11BE4053C005A00CD /* AppDelegate.swift */; };
		5EC13EE41BE4053C005A00CD /* ViewController.swift in Sources */ = {isa = PBXBuildFile; fileRef = 5EC13EE31BE4053C005A00CD /* ViewController.swift */; };
		5EC13EE71BE4053C005A00CD /* Main.storyboard in Resources */ = {isa = PBXBuildFile; fileRef = 5EC13EE51BE4053C005A00CD /* Main.storyboard */; };
		5EC13EE91BE4053C005A00CD /* Assets.xcassets in Resources */ = {isa = PBXBuildFile; fileRef = 5EC13EE81BE4053C005A00CD /* Assets.xcassets */; };
		5EC13EEC1BE4053C005A00CD /* LaunchScreen.storyboard in Resources */ = {isa = PBXBuildFile; fileRef = 5EC13EEA1BE4053C005A00CD /* LaunchScreen.storyboard */; };
		5EC13EF21BE40592005A00CD /* ALGInitialTouchGestureRecognizer.swift in Sources */ = {isa = PBXBuildFile; fileRef = 5EC13EF11BE40592005A00CD /* ALGInitialTouchGestureRecognizer.swift */; };
		5EF6992A1BE98219006775DA /* ALGSqueezeGestureRecognizer.swift in Sources */ = {isa = PBXBuildFile; fileRef = 5EF699291BE98219006775DA /* ALGSqueezeGestureRecognizer.swift */; };
		5EF6992C1BE9D1CA006775DA /* ALG3DTouchThreshholdGestureRecognizer.swift in Sources */ = {isa = PBXBuildFile; fileRef = 5EF6992B1BE9D1CA006775DA /* ALG3DTouchThreshholdGestureRecognizer.swift */; };
/* End PBXBuildFile section */

/* Begin PBXFileReference section */
		5E822F2D1BD4D2B400C32C09 /* TouchVisualizer.app */ = {isa = PBXFileReference; explicitFileType = wrapper.application; includeInIndex = 0; path = TouchVisualizer.app; sourceTree = BUILT_PRODUCTS_DIR; };
		5E822F301BD4D2B400C32C09 /* AppDelegate.swift */ = {isa = PBXFileReference; lastKnownFileType = sourcecode.swift; path = AppDelegate.swift; sourceTree = "<group>"; };
		5E822F321BD4D2B400C32C09 /* ViewController.swift */ = {isa = PBXFileReference; lastKnownFileType = sourcecode.swift; lineEnding = 0; path = ViewController.swift; sourceTree = "<group>"; xcLanguageSpecificationIdentifier = xcode.lang.swift; };
		5E822F351BD4D2B400C32C09 /* Base */ = {isa = PBXFileReference; lastKnownFileType = file.storyboard; name = Base; path = Base.lproj/Main.storyboard; sourceTree = "<group>"; };
		5E822F371BD4D2B400C32C09 /* Assets.xcassets */ = {isa = PBXFileReference; lastKnownFileType = folder.assetcatalog; path = Assets.xcassets; sourceTree = "<group>"; };
		5E822F3A1BD4D2B400C32C09 /* Base */ = {isa = PBXFileReference; lastKnownFileType = file.storyboard; name = Base; path = Base.lproj/LaunchScreen.storyboard; sourceTree = "<group>"; };
		5E822F3C1BD4D2B400C32C09 /* Info.plist */ = {isa = PBXFileReference; lastKnownFileType = text.plist.xml; path = Info.plist; sourceTree = "<group>"; };
		5E822F421BD4D2C800C32C09 /* TouchDisplayingWindow.swift */ = {isa = PBXFileReference; fileEncoding = 4; lastKnownFileType = sourcecode.swift; lineEnding = 0; name = TouchDisplayingWindow.swift; path = TouchVisualizer/TouchDisplayingWindow.swift; sourceTree = "<group>"; xcLanguageSpecificationIdentifier = xcode.lang.swift; };
		5EC13EDF1BE4053C005A00CD /* ForceDataCollector.app */ = {isa = PBXFileReference; explicitFileType = wrapper.application; includeInIndex = 0; path = ForceDataCollector.app; sourceTree = BUILT_PRODUCTS_DIR; };
		5EC13EE11BE4053C005A00CD /* AppDelegate.swift */ = {isa = PBXFileReference; lastKnownFileType = sourcecode.swift; path = AppDelegate.swift; sourceTree = "<group>"; };
		5EC13EE31BE4053C005A00CD /* ViewController.swift */ = {isa = PBXFileReference; lastKnownFileType = sourcecode.swift; lineEnding = 0; path = ViewController.swift; sourceTree = "<group>"; xcLanguageSpecificationIdentifier = xcode.lang.swift; };
		5EC13EE61BE4053C005A00CD /* Base */ = {isa = PBXFileReference; lastKnownFileType = file.storyboard; name = Base; path = Base.lproj/Main.storyboard; sourceTree = "<group>"; };
		5EC13EE81BE4053C005A00CD /* Assets.xcassets */ = {isa = PBXFileReference; lastKnownFileType = folder.assetcatalog; path = Assets.xcassets; sourceTree = "<group>"; };
		5EC13EEB1BE4053C005A00CD /* Base */ = {isa = PBXFileReference; lastKnownFileType = file.storyboard; name = Base; path = Base.lproj/LaunchScreen.storyboard; sourceTree = "<group>"; };
		5EC13EED1BE4053C005A00CD /* Info.plist */ = {isa = PBXFileReference; lastKnownFileType = text.plist.xml; path = Info.plist; sourceTree = "<group>"; };
		5EC13EF11BE40592005A00CD /* ALGInitialTouchGestureRecognizer.swift */ = {isa = PBXFileReference; fileEncoding = 4; lastKnownFileType = sourcecode.swift; lineEnding = 0; name = ALGInitialTouchGestureRecognizer.swift; path = ForcePropertiesGestureRecognizer/ALGInitialTouchGestureRecognizer.swift; sourceTree = "<group>"; xcLanguageSpecificationIdentifier = xcode.lang.swift; };
		5EF699291BE98219006775DA /* ALGSqueezeGestureRecognizer.swift */ = {isa = PBXFileReference; fileEncoding = 4; lastKnownFileType = sourcecode.swift; path = ALGSqueezeGestureRecognizer.swift; sourceTree = "<group>"; };
		5EF6992B1BE9D1CA006775DA /* ALG3DTouchThreshholdGestureRecognizer.swift */ = {isa = PBXFileReference; fileEncoding = 4; lastKnownFileType = sourcecode.swift; lineEnding = 0; path = ALG3DTouchThreshholdGestureRecognizer.swift; sourceTree = "<group>"; xcLanguageSpecificationIdentifier = xcode.lang.swift; };
/* End PBXFileReference section */

/* Begin PBXFrameworksBuildPhase section */
		5E822F2A1BD4D2B400C32C09 /* Frameworks */ = {
			isa = PBXFrameworksBuildPhase;
			buildActionMask = 2147483647;
			files = (
			);
			runOnlyForDeploymentPostprocessing = 0;
		};
		5EC13EDC1BE4053C005A00CD /* Frameworks */ = {
			isa = PBXFrameworksBuildPhase;
			buildActionMask = 2147483647;
			files = (
			);
			runOnlyForDeploymentPostprocessing = 0;
		};
/* End PBXFrameworksBuildPhase section */

/* Begin PBXGroup section */
		5E822F241BD4D2B400C32C09 = {
			isa = PBXGroup;
			children = (
				5EA238091BE94B5000D2A1AF /* Common */,
				5E822F2F1BD4D2B400C32C09 /* TouchVisualizer */,
				5EC13EE01BE4053C005A00CD /* ForceDataCollector */,
				5E822F2E1BD4D2B400C32C09 /* Products */,
			);
			sourceTree = "<group>";
		};
		5E822F2E1BD4D2B400C32C09 /* Products */ = {
			isa = PBXGroup;
			children = (
				5E822F2D1BD4D2B400C32C09 /* TouchVisualizer.app */,
				5EC13EDF1BE4053C005A00CD /* ForceDataCollector.app */,
			);
			name = Products;
			sourceTree = "<group>";
		};
		5E822F2F1BD4D2B400C32C09 /* TouchVisualizer */ = {
			isa = PBXGroup;
			children = (
				5E822F301BD4D2B400C32C09 /* AppDelegate.swift */,
				5E822F321BD4D2B400C32C09 /* ViewController.swift */,
				5E822F341BD4D2B400C32C09 /* Main.storyboard */,
				5E822F371BD4D2B400C32C09 /* Assets.xcassets */,
				5E822F391BD4D2B400C32C09 /* LaunchScreen.storyboard */,
				5E822F3C1BD4D2B400C32C09 /* Info.plist */,
			);
			path = TouchVisualizer;
			sourceTree = "<group>";
		};
		5EA238091BE94B5000D2A1AF /* Common */ = {
			isa = PBXGroup;
			children = (
				5EC13EF11BE40592005A00CD /* ALGInitialTouchGestureRecognizer.swift */,
				5EF699291BE98219006775DA /* ALGSqueezeGestureRecognizer.swift */,
				5EF6992B1BE9D1CA006775DA /* ALG3DTouchThreshholdGestureRecognizer.swift */,
				5E822F421BD4D2C800C32C09 /* TouchDisplayingWindow.swift */,
			);
			name = Common;
			sourceTree = "<group>";
		};
		5EC13EE01BE4053C005A00CD /* ForceDataCollector */ = {
			isa = PBXGroup;
			children = (
				5EC13EE11BE4053C005A00CD /* AppDelegate.swift */,
				5EC13EE31BE4053C005A00CD /* ViewController.swift */,
				5EC13EE51BE4053C005A00CD /* Main.storyboard */,
				5EC13EE81BE4053C005A00CD /* Assets.xcassets */,
				5EC13EEA1BE4053C005A00CD /* LaunchScreen.storyboard */,
				5EC13EED1BE4053C005A00CD /* Info.plist */,
			);
			name = ForceDataCollector;
			path = ForcePropertiesGestureRecognizer;
			sourceTree = "<group>";
		};
/* End PBXGroup section */

/* Begin PBXNativeTarget section */
		5E822F2C1BD4D2B400C32C09 /* TouchVisualizer */ = {
			isa = PBXNativeTarget;
			buildConfigurationList = 5E822F3F1BD4D2B400C32C09 /* Build configuration list for PBXNativeTarget "TouchVisualizer" */;
			buildPhases = (
				5E822F291BD4D2B400C32C09 /* Sources */,
				5E822F2A1BD4D2B400C32C09 /* Frameworks */,
				5E822F2B1BD4D2B400C32C09 /* Resources */,
			);
			buildRules = (
			);
			dependencies = (
			);
			name = TouchVisualizer;
			productName = TouchVisualizer;
			productReference = 5E822F2D1BD4D2B400C32C09 /* TouchVisualizer.app */;
			productType = "com.apple.product-type.application";
		};
		5EC13EDE1BE4053C005A00CD /* ForceDataCollector */ = {
			isa = PBXNativeTarget;
			buildConfigurationList = 5EC13EF01BE4053C005A00CD /* Build configuration list for PBXNativeTarget "ForceDataCollector" */;
			buildPhases = (
				5EC13EDB1BE4053C005A00CD /* Sources */,
				5EC13EDC1BE4053C005A00CD /* Frameworks */,
				5EC13EDD1BE4053C005A00CD /* Resources */,
			);
			buildRules = (
			);
			dependencies = (
			);
			name = ForceDataCollector;
			productName = ForcePropertiesGestureRecognizer;
			productReference = 5EC13EDF1BE4053C005A00CD /* ForceDataCollector.app */;
			productType = "com.apple.product-type.application";
		};
/* End PBXNativeTarget section */

/* Begin PBXProject section */
		5E822F251BD4D2B400C32C09 /* Project object */ = {
			isa = PBXProject;
			attributes = {
				LastSwiftUpdateCheck = 0710;
				LastUpgradeCheck = 0700;
				ORGANIZATIONNAME = "Alexis Gallagher";
				TargetAttributes = {
					5E822F2C1BD4D2B400C32C09 = {
						CreatedOnToolsVersion = 7.0.1;
					};
					5EC13EDE1BE4053C005A00CD = {
						CreatedOnToolsVersion = 7.1;
					};
				};
			};
			buildConfigurationList = 5E822F281BD4D2B400C32C09 /* Build configuration list for PBXProject "TouchVisualizer" */;
			compatibilityVersion = "Xcode 3.2";
			developmentRegion = English;
			hasScannedForEncodings = 0;
			knownRegions = (
				en,
				Base,
			);
			mainGroup = 5E822F241BD4D2B400C32C09;
			productRefGroup = 5E822F2E1BD4D2B400C32C09 /* Products */;
			projectDirPath = "";
			projectRoot = "";
			targets = (
				5E822F2C1BD4D2B400C32C09 /* TouchVisualizer */,
				5EC13EDE1BE4053C005A00CD /* ForceDataCollector */,
			);
		};
/* End PBXProject section */

/* Begin PBXResourcesBuildPhase section */
		5E822F2B1BD4D2B400C32C09 /* Resources */ = {
			isa = PBXResourcesBuildPhase;
			buildActionMask = 2147483647;
			files = (
				5E822F3B1BD4D2B400C32C09 /* LaunchScreen.storyboard in Resources */,
				5E822F381BD4D2B400C32C09 /* Assets.xcassets in Resources */,
				5E822F361BD4D2B400C32C09 /* Main.storyboard in Resources */,
			);
			runOnlyForDeploymentPostprocessing = 0;
		};
		5EC13EDD1BE4053C005A00CD /* Resources */ = {
			isa = PBXResourcesBuildPhase;
			buildActionMask = 2147483647;
			files = (
				5EC13EEC1BE4053C005A00CD /* LaunchScreen.storyboard in Resources */,
				5EC13EE91BE4053C005A00CD /* Assets.xcassets in Resources */,
				5EC13EE71BE4053C005A00CD /* Main.storyboard in Resources */,
			);
			runOnlyForDeploymentPostprocessing = 0;
		};
/* End PBXResourcesBuildPhase section */

/* Begin PBXSourcesBuildPhase section */
		5E822F291BD4D2B400C32C09 /* Sources */ = {
			isa = PBXSourcesBuildPhase;
			buildActionMask = 2147483647;
			files = (
				5E822F331BD4D2B400C32C09 /* ViewController.swift in Sources */,
				5E822F311BD4D2B400C32C09 /* AppDelegate.swift in Sources */,
				5E822F431BD4D2C800C32C09 /* TouchDisplayingWindow.swift in Sources */,
				5EF6992A1BE98219006775DA /* ALGSqueezeGestureRecognizer.swift in Sources */,
				5EF6992C1BE9D1CA006775DA /* ALG3DTouchThreshholdGestureRecognizer.swift in Sources */,
				5E50C7BA1BF6BE0300CAE344 /* ALGInitialTouchGestureRecognizer.swift in Sources */,
			);
			runOnlyForDeploymentPostprocessing = 0;
		};
		5EC13EDB1BE4053C005A00CD /* Sources */ = {
			isa = PBXSourcesBuildPhase;
			buildActionMask = 2147483647;
			files = (
				5EC13EF21BE40592005A00CD /* ALGInitialTouchGestureRecognizer.swift in Sources */,
				5EA238081BE94AB200D2A1AF /* TouchDisplayingWindow.swift in Sources */,
				5EC13EE41BE4053C005A00CD /* ViewController.swift in Sources */,
				5EC13EE21BE4053C005A00CD /* AppDelegate.swift in Sources */,
			);
			runOnlyForDeploymentPostprocessing = 0;
		};
/* End PBXSourcesBuildPhase section */

/* Begin PBXVariantGroup section */
		5E822F341BD4D2B400C32C09 /* Main.storyboard */ = {
			isa = PBXVariantGroup;
			children = (
				5E822F351BD4D2B400C32C09 /* Base */,
			);
			name = Main.storyboard;
			sourceTree = "<group>";
		};
		5E822F391BD4D2B400C32C09 /* LaunchScreen.storyboard */ = {
			isa = PBXVariantGroup;
			children = (
				5E822F3A1BD4D2B400C32C09 /* Base */,
			);
			name = LaunchScreen.storyboard;
			sourceTree = "<group>";
		};
		5EC13EE51BE4053C005A00CD /* Main.storyboard */ = {
			isa = PBXVariantGroup;
			children = (
				5EC13EE61BE4053C005A00CD /* Base */,
			);
			name = Main.storyboard;
			sourceTree = "<group>";
		};
		5EC13EEA1BE4053C005A00CD /* LaunchScreen.storyboard */ = {
			isa = PBXVariantGroup;
			children = (
				5EC13EEB1BE4053C005A00CD /* Base */,
			);
			name = LaunchScreen.storyboard;
			sourceTree = "<group>";
		};
/* End PBXVariantGroup section */

/* Begin XCBuildConfiguration section */
		5E822F3D1BD4D2B400C32C09 /* Debug */ = {
			isa = XCBuildConfiguration;
			buildSettings = {
				ALWAYS_SEARCH_USER_PATHS = NO;
				CLANG_CXX_LANGUAGE_STANDARD = "gnu++0x";
				CLANG_CXX_LIBRARY = "libc++";
				CLANG_ENABLE_MODULES = YES;
				CLANG_ENABLE_OBJC_ARC = YES;
				CLANG_WARN_BOOL_CONVERSION = YES;
				CLANG_WARN_CONSTANT_CONVERSION = YES;
				CLANG_WARN_DIRECT_OBJC_ISA_USAGE = YES_ERROR;
				CLANG_WARN_EMPTY_BODY = YES;
				CLANG_WARN_ENUM_CONVERSION = YES;
				CLANG_WARN_INT_CONVERSION = YES;
				CLANG_WARN_OBJC_ROOT_CLASS = YES_ERROR;
				CLANG_WARN_UNREACHABLE_CODE = YES;
				CLANG_WARN__DUPLICATE_METHOD_MATCH = YES;
				"CODE_SIGN_IDENTITY[sdk=iphoneos*]" = "iPhone Developer";
				COPY_PHASE_STRIP = NO;
				DEBUG_INFORMATION_FORMAT = dwarf;
				ENABLE_STRICT_OBJC_MSGSEND = YES;
				ENABLE_TESTABILITY = YES;
				GCC_C_LANGUAGE_STANDARD = gnu99;
				GCC_DYNAMIC_NO_PIC = NO;
				GCC_NO_COMMON_BLOCKS = YES;
				GCC_OPTIMIZATION_LEVEL = 0;
				GCC_PREPROCESSOR_DEFINITIONS = (
					"DEBUG=1",
					"$(inherited)",
				);
				GCC_WARN_64_TO_32_BIT_CONVERSION = YES;
				GCC_WARN_ABOUT_RETURN_TYPE = YES_ERROR;
				GCC_WARN_UNDECLARED_SELECTOR = YES;
				GCC_WARN_UNINITIALIZED_AUTOS = YES_AGGRESSIVE;
				GCC_WARN_UNUSED_FUNCTION = YES;
				GCC_WARN_UNUSED_VARIABLE = YES;
				IPHONEOS_DEPLOYMENT_TARGET = 9.0;
				MTL_ENABLE_DEBUG_INFO = YES;
				ONLY_ACTIVE_ARCH = YES;
				SDKROOT = iphoneos;
				SWIFT_OPTIMIZATION_LEVEL = "-Onone";
			};
			name = Debug;
		};
		5E822F3E1BD4D2B400C32C09 /* Release */ = {
			isa = XCBuildConfiguration;
			buildSettings = {
				ALWAYS_SEARCH_USER_PATHS = NO;
				CLANG_CXX_LANGUAGE_STANDARD = "gnu++0x";
				CLANG_CXX_LIBRARY = "libc++";
				CLANG_ENABLE_MODULES = YES;
				CLANG_ENABLE_OBJC_ARC = YES;
				CLANG_WARN_BOOL_CONVERSION = YES;
				CLANG_WARN_CONSTANT_CONVERSION = YES;
				CLANG_WARN_DIRECT_OBJC_ISA_USAGE = YES_ERROR;
				CLANG_WARN_EMPTY_BODY = YES;
				CLANG_WARN_ENUM_CONVERSION = YES;
				CLANG_WARN_INT_CONVERSION = YES;
				CLANG_WARN_OBJC_ROOT_CLASS = YES_ERROR;
				CLANG_WARN_UNREACHABLE_CODE = YES;
				CLANG_WARN__DUPLICATE_METHOD_MATCH = YES;
				"CODE_SIGN_IDENTITY[sdk=iphoneos*]" = "iPhone Developer";
				COPY_PHASE_STRIP = NO;
				DEBUG_INFORMATION_FORMAT = "dwarf-with-dsym";
				ENABLE_NS_ASSERTIONS = NO;
				ENABLE_STRICT_OBJC_MSGSEND = YES;
				GCC_C_LANGUAGE_STANDARD = gnu99;
				GCC_NO_COMMON_BLOCKS = YES;
				GCC_WARN_64_TO_32_BIT_CONVERSION = YES;
				GCC_WARN_ABOUT_RETURN_TYPE = YES_ERROR;
				GCC_WARN_UNDECLARED_SELECTOR = YES;
				GCC_WARN_UNINITIALIZED_AUTOS = YES_AGGRESSIVE;
				GCC_WARN_UNUSED_FUNCTION = YES;
				GCC_WARN_UNUSED_VARIABLE = YES;
				IPHONEOS_DEPLOYMENT_TARGET = 9.0;
				MTL_ENABLE_DEBUG_INFO = NO;
				SDKROOT = iphoneos;
				VALIDATE_PRODUCT = YES;
			};
			name = Release;
		};
		5E822F401BD4D2B400C32C09 /* Debug */ = {
			isa = XCBuildConfiguration;
			buildSettings = {
				ASSETCATALOG_COMPILER_APPICON_NAME = AppIcon;
				INFOPLIST_FILE = TouchVisualizer/Info.plist;
				LD_RUNPATH_SEARCH_PATHS = "$(inherited) @executable_path/Frameworks";
				PRODUCT_BUNDLE_IDENTIFIER = com.alexisgallagher.TouchVisualizer;
				PRODUCT_NAME = "$(TARGET_NAME)";
			};
			name = Debug;
		};
		5E822F411BD4D2B400C32C09 /* Release */ = {
			isa = XCBuildConfiguration;
			buildSettings = {
				ASSETCATALOG_COMPILER_APPICON_NAME = AppIcon;
				INFOPLIST_FILE = TouchVisualizer/Info.plist;
				LD_RUNPATH_SEARCH_PATHS = "$(inherited) @executable_path/Frameworks";
				PRODUCT_BUNDLE_IDENTIFIER = com.alexisgallagher.TouchVisualizer;
				PRODUCT_NAME = "$(TARGET_NAME)";
			};
			name = Release;
		};
		5EC13EEE1BE4053C005A00CD /* Debug */ = {
			isa = XCBuildConfiguration;
			buildSettings = {
				ASSETCATALOG_COMPILER_APPICON_NAME = AppIcon;
				INFOPLIST_FILE = ForcePropertiesGestureRecognizer/Info.plist;
				IPHONEOS_DEPLOYMENT_TARGET = 9.1;
				LD_RUNPATH_SEARCH_PATHS = "$(inherited) @executable_path/Frameworks";
				PRODUCT_BUNDLE_IDENTIFIER = com.alexisgallagher.ForcePropertiesGestureRecognizer;
				PRODUCT_NAME = "$(TARGET_NAME)";
			};
			name = Debug;
		};
		5EC13EEF1BE4053C005A00CD /* Release */ = {
			isa = XCBuildConfiguration;
			buildSettings = {
				ASSETCATALOG_COMPILER_APPICON_NAME = AppIcon;
				INFOPLIST_FILE = ForcePropertiesGestureRecognizer/Info.plist;
				IPHONEOS_DEPLOYMENT_TARGET = 9.1;
				LD_RUNPATH_SEARCH_PATHS = "$(inherited) @executable_path/Frameworks";
				PRODUCT_BUNDLE_IDENTIFIER = com.alexisgallagher.ForcePropertiesGestureRecognizer;
				PRODUCT_NAME = "$(TARGET_NAME)";
			};
			name = Release;
		};
/* End XCBuildConfiguration section */

/* Begin XCConfigurationList section */
		5E822F281BD4D2B400C32C09 /* Build configuration list for PBXProject "TouchVisualizer" */ = {
			isa = XCConfigurationList;
			buildConfigurations = (
				5E822F3D1BD4D2B400C32C09 /* Debug */,
				5E822F3E1BD4D2B400C32C09 /* Release */,
			);
			defaultConfigurationIsVisible = 0;
			defaultConfigurationName = Release;
		};
		5E822F3F1BD4D2B400C32C09 /* Build configuration list for PBXNativeTarget "TouchVisualizer" */ = {
			isa = XCConfigurationList;
			buildConfigurations = (
				5E822F401BD4D2B400C32C09 /* Debug */,
				5E822F411BD4D2B400C32C09 /* Release */,
			);
			defaultConfigurationIsVisible = 0;
			defaultConfigurationName = Release;
		};
		5EC13EF01BE4053C005A00CD /* Build configuration list for PBXNativeTarget "ForceDataCollector" */ = {
			isa = XCConfigurationList;
			buildConfigurations = (
				5EC13EEE1BE4053C005A00CD /* Debug */,
				5EC13EEF1BE4053C005A00CD /* Release */,
			);
			defaultConfigurationIsVisible = 0;
			defaultConfigurationName = Release;
		};
/* End XCConfigurationList section */
	};
	rootObject = 5E822F251BD4D2B400C32C09 /* Project object */;
}
